
Microsoft Visual Studio Solution File, Format Version 12.00
# Visual Studio Version 16
VisualStudioVersion = 16.0.30804.86
MinimumVisualStudioVersion = 10.0.40219.1
Project("{9A19103F-16F7-4668-BE54-9A1E7A4F7556}") = "MySelfLog.Admin.Model", "MySelfLog.Admin.Model\MySelfLog.Admin.Model.csproj", "{15013449-58DB-42FD-9BD2-383EE93F75DF}"
EndProject
Project("{9A19103F-16F7-4668-BE54-9A1E7A4F7556}") = "MySelfLog.Contracts", "MySelfLog.Contracts\MySelfLog.Contracts.csproj", "{D0FCAFEC-B9AB-4383-B87A-31713D79B770}"
EndProject
Project("{9A19103F-16F7-4668-BE54-9A1E7A4F7556}") = "MySelfLog.Contracts.Api", "MySelfLog.Contracts.Api\MySelfLog.Contracts.Api.csproj", "{0E7026B1-0CAA-4591-AECC-57169F2B4DA9}"
EndProject
Project("{9A19103F-16F7-4668-BE54-9A1E7A4F7556}") = "MySelfLog.MessageSender.EventStore", "MySelfLog.MessageSender.EventStore\MySelfLog.MessageSender.EventStore.csproj", "{EB13B970-4201-4EA5-95BE-529EBEE17666}"
EndProject
Project("{9A19103F-16F7-4668-BE54-9A1E7A4F7556}") = "MySelfLog.Api", "MySelfLog.Api\MySelfLog.Api.csproj", "{0B433117-7AE5-4DAD-9331-DB9AF0A3C803}"
EndProject
Project("{FAE04EC0-301F-11D3-BF4B-00C04F79EFBC}") = "MySelfLog.MessageSender.AzureServiceBus", "MySelfLog.MessageSender.AzureServiceBus\MySelfLog.MessageSender.AzureServiceBus.csproj", "{32414849-7DF8-454C-B80E-226F00857B99}"
EndProject
Global
	GlobalSection(SolutionConfigurationPlatforms) = preSolution
		Debug|Any CPU = Debug|Any CPU
		Release|Any CPU = Release|Any CPU
	EndGlobalSection
	GlobalSection(ProjectConfigurationPlatforms) = postSolution
		{15013449-58DB-42FD-9BD2-383EE93F75DF}.Debug|Any CPU.ActiveCfg = Debug|Any CPU
		{15013449-58DB-42FD-9BD2-383EE93F75DF}.Debug|Any CPU.Build.0 = Debug|Any CPU
		{15013449-58DB-42FD-9BD2-383EE93F75DF}.Release|Any CPU.ActiveCfg = Release|Any CPU
		{15013449-58DB-42FD-9BD2-383EE93F75DF}.Release|Any CPU.Build.0 = Release|Any CPU
		{D0FCAFEC-B9AB-4383-B87A-31713D79B770}.Debug|Any CPU.ActiveCfg = Debug|Any CPU
		{D0FCAFEC-B9AB-4383-B87A-31713D79B770}.Debug|Any CPU.Build.0 = Debug|Any CPU
		{D0FCAFEC-B9AB-4383-B87A-31713D79B770}.Release|Any CPU.ActiveCfg = Release|Any CPU
		{D0FCAFEC-B9AB-4383-B87A-31713D79B770}.Release|Any CPU.Build.0 = Release|Any CPU
		{0E7026B1-0CAA-4591-AECC-57169F2B4DA9}.Debug|Any CPU.ActiveCfg = Debug|Any CPU
		{0E7026B1-0CAA-4591-AECC-57169F2B4DA9}.Debug|Any CPU.Build.0 = Debug|Any CPU
		{0E7026B1-0CAA-4591-AECC-57169F2B4DA9}.Release|Any CPU.ActiveCfg = Release|Any CPU
		{0E7026B1-0CAA-4591-AECC-57169F2B4DA9}.Release|Any CPU.Build.0 = Release|Any CPU
		{EB13B970-4201-4EA5-95BE-529EBEE17666}.Debug|Any CPU.ActiveCfg = Debug|Any CPU
		{EB13B970-4201-4EA5-95BE-529EBEE17666}.Debug|Any CPU.Build.0 = Debug|Any CPU
		{EB13B970-4201-4EA5-95BE-529EBEE17666}.Release|Any CPU.ActiveCfg = Release|Any CPU
		{EB13B970-4201-4EA5-95BE-529EBEE17666}.Release|Any CPU.Build.0 = Release|Any CPU
		{0B433117-7AE5-4DAD-9331-DB9AF0A3C803}.Debug|Any CPU.ActiveCfg = Debug|Any CPU
		{0B433117-7AE5-4DAD-9331-DB9AF0A3C803}.Debug|Any CPU.Build.0 = Debug|Any CPU
		{0B433117-7AE5-4DAD-9331-DB9AF0A3C803}.Release|Any CPU.ActiveCfg = Release|Any CPU
		{0B433117-7AE5-4DAD-9331-DB9AF0A3C803}.Release|Any CPU.Build.0 = Release|Any CPU
		{32414849-7DF8-454C-B80E-226F00857B99}.Debug|Any CPU.ActiveCfg = Debug|Any CPU
		{32414849-7DF8-454C-B80E-226F00857B99}.Debug|Any CPU.Build.0 = Debug|Any CPU
		{32414849-7DF8-454C-B80E-226F00857B99}.Release|Any CPU.ActiveCfg = Release|Any CPU
		{32414849-7DF8-454C-B80E-226F00857B99}.Release|Any CPU.Build.0 = Release|Any CPU
	EndGlobalSection
	GlobalSection(SolutionProperties) = preSolution
		HideSolutionNode = FALSE
	EndGlobalSection
	GlobalSection(ExtensibilityGlobals) = postSolution
		SolutionGuid = {42634D90-174B-461B-B2C9-2EA765211420}
	EndGlobalSection
EndGlobal
